
Microsoft Visual Studio Solution File, Format Version 12.00
# Visual Studio Version 17
VisualStudioVersion = 17.11.35312.102
MinimumVisualStudioVersion = 10.0.40219.1
Project("{8BC9CEB8-8B4A-11D0-8D11-00A0C91BC942}") = "P01", "P01\P01.vcxproj", "{E2D8059B-10C0-43F8-AC39-78587E3A4710}"
EndProject
Project("{8BC9CEB8-8B4A-11D0-8D11-00A0C91BC942}") = "P02", "P02\P02.vcxproj", "{66AAB678-B1CF-45B8-9ACC-84138472E1EE}"
EndProject
Project("{8BC9CEB8-8B4A-11D0-8D11-00A0C91BC942}") = "if-else", "if-else\if-else.vcxproj", "{7F888041-6B9F-4D9A-A0D1-822EBBFFEFA3}"
EndProject
Project("{8BC9CEB8-8B4A-11D0-8D11-00A0C91BC942}") = "switch-case", "switch-case\switch-case.vcxproj", "{CB1BD9AF-ACA8-4A4E-98BB-56445B7DE7FD}"
EndProject
Project("{8BC9CEB8-8B4A-11D0-8D11-00A0C91BC942}") = "While-loop", "While-loop\While-loop.vcxproj", "{449F4BD8-39FF-4FC7-9AD8-E1E0511DACA1}"
EndProject
Project("{8BC9CEB8-8B4A-11D0-8D11-00A0C91BC942}") = "do_while-loop", "do_while-loop\do_while-loop.vcxproj", "{D40124E0-4BE6-4BF1-A63B-C1D2951F88A5}"
EndProject
Project("{8BC9CEB8-8B4A-11D0-8D11-00A0C91BC942}") = "array", "array\array.vcxproj", "{B3097BBB-8A44-4B74-9976-659A04B2C123}"
EndProject
Project("{8BC9CEB8-8B4A-11D0-8D11-00A0C91BC942}") = "string", "string\string.vcxproj", "{9D738895-C569-4D9A-8523-68EB5069085A}"
EndProject
Project("{8BC9CEB8-8B4A-11D0-8D11-00A0C91BC942}") = "pointer", "pointer\pointer.vcxproj", "{A423AC76-E269-4D92-ACCF-B7689056FE89}"
EndProject
Project("{8BC9CEB8-8B4A-11D0-8D11-00A0C91BC942}") = "P03", "P03\P03.vcxproj", "{F599F3F9-6FD4-4BBF-9C59-858DBE24BECE}"
EndProject
Project("{8BC9CEB8-8B4A-11D0-8D11-00A0C91BC942}") = "P04", "P04\P04.vcxproj", "{6A1CB6BC-8A61-4A6D-83BD-0C1EC01DA9F3}"
EndProject
Project("{8BC9CEB8-8B4A-11D0-8D11-00A0C91BC942}") = "P05", "P05\P05.vcxproj", "{2C3F8618-1A4D-4886-B55B-88CAF098471C}"
EndProject
Project("{8BC9CEB8-8B4A-11D0-8D11-00A0C91BC942}") = "P06", "P06\P06.vcxproj", "{AA8C265E-42D3-4C88-B434-E4F6700792F1}"
EndProject
Global
	GlobalSection(SolutionConfigurationPlatforms) = preSolution
		Debug|x64 = Debug|x64
		Debug|x86 = Debug|x86
		Release|x64 = Release|x64
		Release|x86 = Release|x86
	EndGlobalSection
	GlobalSection(ProjectConfigurationPlatforms) = postSolution
		{E2D8059B-10C0-43F8-AC39-78587E3A4710}.Debug|x64.ActiveCfg = Debug|x64
		{E2D8059B-10C0-43F8-AC39-78587E3A4710}.Debug|x64.Build.0 = Debug|x64
		{E2D8059B-10C0-43F8-AC39-78587E3A4710}.Debug|x86.ActiveCfg = Debug|Win32
		{E2D8059B-10C0-43F8-AC39-78587E3A4710}.Debug|x86.Build.0 = Debug|Win32
		{E2D8059B-10C0-43F8-AC39-78587E3A4710}.Release|x64.ActiveCfg = Release|x64
		{E2D8059B-10C0-43F8-AC39-78587E3A4710}.Release|x64.Build.0 = Release|x64
		{E2D8059B-10C0-43F8-AC39-78587E3A4710}.Release|x86.ActiveCfg = Release|Win32
		{E2D8059B-10C0-43F8-AC39-78587E3A4710}.Release|x86.Build.0 = Release|Win32
		{66AAB678-B1CF-45B8-9ACC-84138472E1EE}.Debug|x64.ActiveCfg = Debug|x64
		{66AAB678-B1CF-45B8-9ACC-84138472E1EE}.Debug|x64.Build.0 = Debug|x64
		{66AAB678-B1CF-45B8-9ACC-84138472E1EE}.Debug|x86.ActiveCfg = Debug|Win32
		{66AAB678-B1CF-45B8-9ACC-84138472E1EE}.Debug|x86.Build.0 = Debug|Win32
		{66AAB678-B1CF-45B8-9ACC-84138472E1EE}.Release|x64.ActiveCfg = Release|x64
		{66AAB678-B1CF-45B8-9ACC-84138472E1EE}.Release|x64.Build.0 = Release|x64
		{66AAB678-B1CF-45B8-9ACC-84138472E1EE}.Release|x86.ActiveCfg = Release|Win32
		{66AAB678-B1CF-45B8-9ACC-84138472E1EE}.Release|x86.Build.0 = Release|Win32
		{7F888041-6B9F-4D9A-A0D1-822EBBFFEFA3}.Debug|x64.ActiveCfg = Debug|x64
		{7F888041-6B9F-4D9A-A0D1-822EBBFFEFA3}.Debug|x64.Build.0 = Debug|x64
		{7F888041-6B9F-4D9A-A0D1-822EBBFFEFA3}.Debug|x86.ActiveCfg = Debug|Win32
		{7F888041-6B9F-4D9A-A0D1-822EBBFFEFA3}.Debug|x86.Build.0 = Debug|Win32
		{7F888041-6B9F-4D9A-A0D1-822EBBFFEFA3}.Release|x64.ActiveCfg = Release|x64
		{7F888041-6B9F-4D9A-A0D1-822EBBFFEFA3}.Release|x64.Build.0 = Release|x64
		{7F888041-6B9F-4D9A-A0D1-822EBBFFEFA3}.Release|x86.ActiveCfg = Release|Win32
		{7F888041-6B9F-4D9A-A0D1-822EBBFFEFA3}.Release|x86.Build.0 = Release|Win32
		{CB1BD9AF-ACA8-4A4E-98BB-56445B7DE7FD}.Debug|x64.ActiveCfg = Debug|x64
		{CB1BD9AF-ACA8-4A4E-98BB-56445B7DE7FD}.Debug|x64.Build.0 = Debug|x64
		{CB1BD9AF-ACA8-4A4E-98BB-56445B7DE7FD}.Debug|x86.ActiveCfg = Debug|Win32
		{CB1BD9AF-ACA8-4A4E-98BB-56445B7DE7FD}.Debug|x86.Build.0 = Debug|Win32
		{CB1BD9AF-ACA8-4A4E-98BB-56445B7DE7FD}.Release|x64.ActiveCfg = Release|x64
		{CB1BD9AF-ACA8-4A4E-98BB-56445B7DE7FD}.Release|x64.Build.0 = Release|x64
		{CB1BD9AF-ACA8-4A4E-98BB-56445B7DE7FD}.Release|x86.ActiveCfg = Release|Win32
		{CB1BD9AF-ACA8-4A4E-98BB-56445B7DE7FD}.Release|x86.Build.0 = Release|Win32
		{449F4BD8-39FF-4FC7-9AD8-E1E0511DACA1}.Debug|x64.ActiveCfg = Debug|x64
		{449F4BD8-39FF-4FC7-9AD8-E1E0511DACA1}.Debug|x64.Build.0 = Debug|x64
		{449F4BD8-39FF-4FC7-9AD8-E1E0511DACA1}.Debug|x86.ActiveCfg = Debug|Win32
		{449F4BD8-39FF-4FC7-9AD8-E1E0511DACA1}.Debug|x86.Build.0 = Debug|Win32
		{449F4BD8-39FF-4FC7-9AD8-E1E0511DACA1}.Release|x64.ActiveCfg = Release|x64
		{449F4BD8-39FF-4FC7-9AD8-E1E0511DACA1}.Release|x64.Build.0 = Release|x64
		{449F4BD8-39FF-4FC7-9AD8-E1E0511DACA1}.Release|x86.ActiveCfg = Release|Win32
		{449F4BD8-39FF-4FC7-9AD8-E1E0511DACA1}.Release|x86.Build.0 = Release|Win32
		{D40124E0-4BE6-4BF1-A63B-C1D2951F88A5}.Debug|x64.ActiveCfg = Debug|x64
		{D40124E0-4BE6-4BF1-A63B-C1D2951F88A5}.Debug|x64.Build.0 = Debug|x64
		{D40124E0-4BE6-4BF1-A63B-C1D2951F88A5}.Debug|x86.ActiveCfg = Debug|Win32
		{D40124E0-4BE6-4BF1-A63B-C1D2951F88A5}.Debug|x86.Build.0 = Debug|Win32
		{D40124E0-4BE6-4BF1-A63B-C1D2951F88A5}.Release|x64.ActiveCfg = Release|x64
		{D40124E0-4BE6-4BF1-A63B-C1D2951F88A5}.Release|x64.Build.0 = Release|x64
		{D40124E0-4BE6-4BF1-A63B-C1D2951F88A5}.Release|x86.ActiveCfg = Release|Win32
		{D40124E0-4BE6-4BF1-A63B-C1D2951F88A5}.Release|x86.Build.0 = Release|Win32
		{B3097BBB-8A44-4B74-9976-659A04B2C123}.Debug|x64.ActiveCfg = Debug|x64
		{B3097BBB-8A44-4B74-9976-659A04B2C123}.Debug|x64.Build.0 = Debug|x64
		{B3097BBB-8A44-4B74-9976-659A04B2C123}.Debug|x86.ActiveCfg = Debug|Win32
		{B3097BBB-8A44-4B74-9976-659A04B2C123}.Debug|x86.Build.0 = Debug|Win32
		{B3097BBB-8A44-4B74-9976-659A04B2C123}.Release|x64.ActiveCfg = Release|x64
		{B3097BBB-8A44-4B74-9976-659A04B2C123}.Release|x64.Build.0 = Release|x64
		{B3097BBB-8A44-4B74-9976-659A04B2C123}.Release|x86.ActiveCfg = Release|Win32
		{B3097BBB-8A44-4B74-9976-659A04B2C123}.Release|x86.Build.0 = Release|Win32
		{9D738895-C569-4D9A-8523-68EB5069085A}.Debug|x64.ActiveCfg = Debug|x64
		{9D738895-C569-4D9A-8523-68EB5069085A}.Debug|x64.Build.0 = Debug|x64
		{9D738895-C569-4D9A-8523-68EB5069085A}.Debug|x86.ActiveCfg = Debug|Win32
		{9D738895-C569-4D9A-8523-68EB5069085A}.Debug|x86.Build.0 = Debug|Win32
		{9D738895-C569-4D9A-8523-68EB5069085A}.Release|x64.ActiveCfg = Release|x64
		{9D738895-C569-4D9A-8523-68EB5069085A}.Release|x64.Build.0 = Release|x64
		{9D738895-C569-4D9A-8523-68EB5069085A}.Release|x86.ActiveCfg = Release|Win32
		{9D738895-C569-4D9A-8523-68EB5069085A}.Release|x86.Build.0 = Release|Win32
		{A423AC76-E269-4D92-ACCF-B7689056FE89}.Debug|x64.ActiveCfg = Debug|x64
		{A423AC76-E269-4D92-ACCF-B7689056FE89}.Debug|x64.Build.0 = Debug|x64
		{A423AC76-E269-4D92-ACCF-B7689056FE89}.Debug|x86.ActiveCfg = Debug|Win32
		{A423AC76-E269-4D92-ACCF-B7689056FE89}.Debug|x86.Build.0 = Debug|Win32
		{A423AC76-E269-4D92-ACCF-B7689056FE89}.Release|x64.ActiveCfg = Release|x64
		{A423AC76-E269-4D92-ACCF-B7689056FE89}.Release|x64.Build.0 = Release|x64
		{A423AC76-E269-4D92-ACCF-B7689056FE89}.Release|x86.ActiveCfg = Release|Win32
		{A423AC76-E269-4D92-ACCF-B7689056FE89}.Release|x86.Build.0 = Release|Win32
		{F599F3F9-6FD4-4BBF-9C59-858DBE24BECE}.Debug|x64.ActiveCfg = Debug|x64
		{F599F3F9-6FD4-4BBF-9C59-858DBE24BECE}.Debug|x64.Build.0 = Debug|x64
		{F599F3F9-6FD4-4BBF-9C59-858DBE24BECE}.Debug|x86.ActiveCfg = Debug|Win32
		{F599F3F9-6FD4-4BBF-9C59-858DBE24BECE}.Debug|x86.Build.0 = Debug|Win32
		{F599F3F9-6FD4-4BBF-9C59-858DBE24BECE}.Release|x64.ActiveCfg = Release|x64
		{F599F3F9-6FD4-4BBF-9C59-858DBE24BECE}.Release|x64.Build.0 = Release|x64
		{F599F3F9-6FD4-4BBF-9C59-858DBE24BECE}.Release|x86.ActiveCfg = Release|Win32
		{F599F3F9-6FD4-4BBF-9C59-858DBE24BECE}.Release|x86.Build.0 = Release|Win32
		{6A1CB6BC-8A61-4A6D-83BD-0C1EC01DA9F3}.Debug|x64.ActiveCfg = Debug|x64
		{6A1CB6BC-8A61-4A6D-83BD-0C1EC01DA9F3}.Debug|x64.Build.0 = Debug|x64
		{6A1CB6BC-8A61-4A6D-83BD-0C1EC01DA9F3}.Debug|x86.ActiveCfg = Debug|Win32
		{6A1CB6BC-8A61-4A6D-83BD-0C1EC01DA9F3}.Debug|x86.Build.0 = Debug|Win32
		{6A1CB6BC-8A61-4A6D-83BD-0C1EC01DA9F3}.Release|x64.ActiveCfg = Release|x64
		{6A1CB6BC-8A61-4A6D-83BD-0C1EC01DA9F3}.Release|x64.Build.0 = Release|x64
		{6A1CB6BC-8A61-4A6D-83BD-0C1EC01DA9F3}.Release|x86.ActiveCfg = Release|Win32
		{6A1CB6BC-8A61-4A6D-83BD-0C1EC01DA9F3}.Release|x86.Build.0 = Release|Win32
		{2C3F8618-1A4D-4886-B55B-88CAF098471C}.Debug|x64.ActiveCfg = Debug|x64
		{2C3F8618-1A4D-4886-B55B-88CAF098471C}.Debug|x64.Build.0 = Debug|x64
		{2C3F8618-1A4D-4886-B55B-88CAF098471C}.Debug|x86.ActiveCfg = Debug|Win32
		{2C3F8618-1A4D-4886-B55B-88CAF098471C}.Debug|x86.Build.0 = Debug|Win32
		{2C3F8618-1A4D-4886-B55B-88CAF098471C}.Release|x64.ActiveCfg = Release|x64
		{2C3F8618-1A4D-4886-B55B-88CAF098471C}.Release|x64.Build.0 = Release|x64
		{2C3F8618-1A4D-4886-B55B-88CAF098471C}.Release|x86.ActiveCfg = Release|Win32
		{2C3F8618-1A4D-4886-B55B-88CAF098471C}.Release|x86.Build.0 = Release|Win32
		{AA8C265E-42D3-4C88-B434-E4F6700792F1}.Debug|x64.ActiveCfg = Debug|x64
		{AA8C265E-42D3-4C88-B434-E4F6700792F1}.Debug|x64.Build.0 = Debug|x64
		{AA8C265E-42D3-4C88-B434-E4F6700792F1}.Debug|x86.ActiveCfg = Debug|Win32
		{AA8C265E-42D3-4C88-B434-E4F6700792F1}.Debug|x86.Build.0 = Debug|Win32
		{AA8C265E-42D3-4C88-B434-E4F6700792F1}.Release|x64.ActiveCfg = Release|x64
		{AA8C265E-42D3-4C88-B434-E4F6700792F1}.Release|x64.Build.0 = Release|x64
		{AA8C265E-42D3-4C88-B434-E4F6700792F1}.Release|x86.ActiveCfg = Release|Win32
		{AA8C265E-42D3-4C88-B434-E4F6700792F1}.Release|x86.Build.0 = Release|Win32
	EndGlobalSection
	GlobalSection(SolutionProperties) = preSolution
		HideSolutionNode = FALSE
	EndGlobalSection
	GlobalSection(ExtensibilityGlobals) = postSolution
		SolutionGuid = {017F74C1-CC79-40EE-BA2C-12BC814FD890}
	EndGlobalSection
EndGlobal
